
Microsoft Visual Studio Solution File, Format Version 12.00
# Visual Studio 15
VisualStudioVersion = 15.0.27004.2005
MinimumVisualStudioVersion = 10.0.40219.1
Project("{FAE04EC0-301F-11D3-BF4B-00C04F79EFBC}") = "TexasNIC", "TexasNIC\TexasNIC.csproj", "{65AE1CBE-E102-4366-9566-97D6F3A876EC}"
EndProject
Project("{FAE04EC0-301F-11D3-BF4B-00C04F79EFBC}") = "TexasNIC.Tests", "TexasNIC.Tests\TexasNIC.Tests.csproj", "{C582F176-866C-49AE-B7A0-A6D0D7A18F9F}"
EndProject
Global
	GlobalSection(SolutionConfigurationPlatforms) = preSolution
		Debug|Any CPU = Debug|Any CPU
		Release|Any CPU = Release|Any CPU
	EndGlobalSection
	GlobalSection(ProjectConfigurationPlatforms) = postSolution
		{65AE1CBE-E102-4366-9566-97D6F3A876EC}.Debug|Any CPU.ActiveCfg = Debug|Any CPU
		{65AE1CBE-E102-4366-9566-97D6F3A876EC}.Debug|Any CPU.Build.0 = Debug|Any CPU
		{65AE1CBE-E102-4366-9566-97D6F3A876EC}.Release|Any CPU.ActiveCfg = Release|Any CPU
		{65AE1CBE-E102-4366-9566-97D6F3A876EC}.Release|Any CPU.Build.0 = Release|Any CPU
		{C582F176-866C-49AE-B7A0-A6D0D7A18F9F}.Debug|Any CPU.ActiveCfg = Debug|Any CPU
		{C582F176-866C-49AE-B7A0-A6D0D7A18F9F}.Debug|Any CPU.Build.0 = Debug|Any CPU
		{C582F176-866C-49AE-B7A0-A6D0D7A18F9F}.Release|Any CPU.ActiveCfg = Release|Any CPU
		{C582F176-866C-49AE-B7A0-A6D0D7A18F9F}.Release|Any CPU.Build.0 = Release|Any CPU
	EndGlobalSection
	GlobalSection(SolutionProperties) = preSolution
		HideSolutionNode = FALSE
	EndGlobalSection
	GlobalSection(ExtensibilityGlobals) = postSolution
		SolutionGuid = {5C77F91D-72E1-49C3-A831-D7B6FCA9F9B0}
	EndGlobalSection
EndGlobal
